[[package]]
category = "main"
description = "Async http client/server framework (asyncio)"
name = "aiohttp"
optional = false
platform = "*"
python-versions = ">=3.5.3"
version = "3.4.4"

[package.dependencies]
async-timeout = ">=3.0,<4.0"
attrs = ">=17.3.0"
chardet = ">=2.0,<4.0"
multidict = ">=4.0,<5.0"
yarl = ">=1.0,<2.0"

[package.dependencies.idna-ssl]
python = "<3.7"
version = ">=1.0"

[[package]]
category = "main"
description = "Timeout context manager for asyncio programs"
name = "async-timeout"
optional = false
platform = "*"
python-versions = ">=3.5.3"
version = "3.0.0"

[[package]]
category = "main"
description = "Classes Without Boilerplate"
name = "attrs"
optional = false
platform = "*"
python-versions = "*"
version = "18.2.0"

[[package]]
category = "main"
description = "Foreign Function Interface for Python calling C code."
name = "cffi"
optional = false
platform = "*"
python-versions = "*"
version = "1.11.5"

[package.dependencies]
pycparser = "*"

[[package]]
category = "main"
description = "Universal encoding detector for Python 2 and 3"
name = "chardet"
optional = false
platform = "*"
python-versions = "*"
version = "3.0.4"

[[package]]
category = "main"
description = ""
name = "discord.py"
optional = false
platform = "*"
python-versions = "*"
version = "1.0.0a1561+g53433bc"

[package.dependencies]
PyNaCl = "1.2.1"
aiohttp = ">=3.3.0,<3.5.0"
websockets = ">=6.0,<7.0"

[package.source]
reference = "53433bca4895e6409e36863dc18398d6d911c3af"
type = "git"
url = "https://github.com/Rapptz/discord.py.git"

[[package]]
category = "main"
description = "Core library for Hugo"
name = "hugo-core"
optional = false
platform = "*"
python-versions = ">=3.6,<4.0"
version = "0.7.0"

[package.dependencies]
"discord.py" = "*"

[[package]]
category = "main"
description = "Internationalized Domain Names in Applications (IDNA)"
name = "idna"
optional = false
platform = "*"
python-versions = "*"
version = "2.7"

[[package]]
category = "main"
description = "Patch ssl.match_hostname for Unicode(idna) domains support"
name = "idna-ssl"
optional = false
platform = "*"
python-versions = "*"
version = "1.1.0"

[package.dependencies]
idna = ">=2.0"

[package.requirements]
python = "<3.7"

[[package]]
category = "main"
description = "multidict implementation"
name = "multidict"
optional = false
platform = "*"
python-versions = ">=3.4.1"
version = "4.4.1"

[[package]]
category = "main"
description = "Python datetimes made easy"
name = "pendulum"
optional = false
platform = "*"
python-versions = ">=2.7, !=3.0.*, !=3.1.*, !=3.2.*, !=3.3.*"
version = "2.0.3"

[package.dependencies]
python-dateutil = ">=2.6,<3.0"
pytzdata = ">=2018.3"

[[package]]
category = "main"
description = "C parser in Python"
name = "pycparser"
optional = false
platform = "Cross Platform"
python-versions = "*"
version = "2.18"

[[package]]
category = "main"
description = "Python binding to the Networking and Cryptography (NaCl) library"
name = "pynacl"
optional = false
platform = "*"
python-versions = "*"
version = "1.2.1"

[package.dependencies]
cffi = ">=1.4.1"
six = "*"

[[package]]
category = "main"
description = "Extensions to the standard Python datetime module"
name = "python-dateutil"
optional = false
platform = "*"
python-versions = ">=2.7, !=3.0.*, !=3.1.*, !=3.2.*"
version = "2.7.3"

[package.dependencies]
six = ">=1.5"

[[package]]
category = "main"
description = "Official timezone database for Python."
name = "pytzdata"
optional = false
platform = "*"
python-versions = ">=2.7, !=3.0.*, !=3.1.*, !=3.2.*, !=3.3.*"
version = "2018.5"

[[package]]
category = "main"
description = "Python 2 and 3 compatibility utilities"
name = "six"
optional = false
platform = "*"
python-versions = "*"
version = "1.11.0"

[[package]]
category = "main"
description = "An implementation of the WebSocket Protocol (RFC 6455 & 7692)"
name = "websockets"
optional = false
platform = "*"
python-versions = ">=3.4"
version = "6.0"

[[package]]
category = "main"
description = "Yet another URL library"
name = "yarl"
optional = false
platform = "*"
python-versions = ">=3.5.3"
version = "1.2.6"

[package.dependencies]
idna = ">=2.0"
multidict = ">=4.0"

[metadata]
content-hash = "56888105fc0e24e8b6725a12cfe3a7d5396f7fe703d3e5fd256f39081c004fc0"
platform = "*"
python-versions = "^3.6"

[metadata.hashes]
aiohttp = ["0419705a36b43c0ac6f15469f9c2a08cad5c939d78bd12a5c23ea167c8253b2b", "1812fc4bc6ac1bde007daa05d2d0f61199324e0cc893b11523e646595047ca08", "2214b5c0153f45256d5d52d1e0cafe53f9905ed035a142191727a5fb620c03dd", "275909137f0c92c61ba6bb1af856a522d5546f1de8ea01e4e726321c697754ac", "3983611922b561868428ea1e7269e757803713f55b53502423decc509fef1650", "51afec6ffa50a9da4cdef188971a802beb1ca8e8edb40fa429e5e529db3475fa", "589f2ec8a101a0f340453ee6945bdfea8e1cd84c8d88e5be08716c34c0799d95", "789820ddc65e1f5e71516adaca2e9022498fa5a837c79ba9c692a9f8f916c330", "7a968a0bdaaf9abacc260911775611c9a602214a23aeb846f2eb2eeaa350c4dc", "7aeefbed253f59ea39e70c5848de42ed85cb941165357fc7e87ab5d8f1f9592b", "7b2eb55c66512405103485bd7d285a839d53e7fdc261ab20e5bcc51d7aaff5de", "87bc95d3d333bb689c8d755b4a9d7095a2356108002149523dfc8e607d5d32a4", "9d80e40db208e29168d3723d1440ecbb06054d349c5ece6a2c5a611490830dd7", "a1b442195c2a77d33e4dbee67c9877ccbdd3a1f686f91eb479a9577ed8cc326b", "ab3d769413b322d6092f169f316f7b21cd261a7589f7e31db779d5731b0480d8", "b066d3dec5d0f5aee6e34e5765095dc3d6d78ef9839640141a2b20816a0642bd", "b24e7845ae8de3e388ef4bcfcf7f96b05f52c8e633b33cf8003a6b1d726fc7c2", "c59a953c3f8524a7c86eaeaef5bf702555be12f5668f6384149fe4bb75c52698", "cf2cc6c2c10d242790412bea7ccf73726a9a44b4c4b073d2699ef3b48971fd95", "e0c9c8d4150ae904f308ff27b35446990d2b1dfc944702a21925937e937394c6", "f1839db4c2b08a9c8f9788112644f8a8557e8e0ecc77b07091afabb941dc55d0", "f3df52362be39908f9c028a65490fae0475e4898b43a03d8aa29d1e765b45e07"]
async-timeout = ["474d4bc64cee20603e225eb1ece15e248962958b45a3648a9f5cc29e827a610c", "b3c0ddc416736619bd4a95ca31de8da6920c3b9a140c64dbef2b2fa7bf521287"]
attrs = ["10cbf6e27dbce8c30807caf056c8eb50917e0eaafe86347671b57254006c3e69", "ca4be454458f9dec299268d472aaa5a11f67a4ff70093396e1ceae9c76cf4bbb"]
cffi = ["151b7eefd035c56b2b2e1eb9963c90c6302dc15fbd8c1c0a83a163ff2c7d7743", "1553d1e99f035ace1c0544050622b7bc963374a00c467edafac50ad7bd276aef", "1b0493c091a1898f1136e3f4f991a784437fac3673780ff9de3bcf46c80b6b50", "2ba8a45822b7aee805ab49abfe7eec16b90587f7f26df20c71dd89e45a97076f", "3bb6bd7266598f318063e584378b8e27c67de998a43362e8fce664c54ee52d30", "3c85641778460581c42924384f5e68076d724ceac0f267d66c757f7535069c93", "3eb6434197633b7748cea30bf0ba9f66727cdce45117a712b29a443943733257", "495c5c2d43bf6cebe0178eb3e88f9c4aa48d8934aa6e3cddb865c058da76756b", "4c91af6e967c2015729d3e69c2e51d92f9898c330d6a851bf8f121236f3defd3", "57b2533356cb2d8fac1555815929f7f5f14d68ac77b085d2326b571310f34f6e", "770f3782b31f50b68627e22f91cb182c48c47c02eb405fd689472aa7b7aa16dc", "79f9b6f7c46ae1f8ded75f68cf8ad50e5729ed4d590c74840471fc2823457d04", "7a33145e04d44ce95bcd71e522b478d282ad0eafaf34fe1ec5bbd73e662f22b6", "857959354ae3a6fa3da6651b966d13b0a8bed6bbc87a0de7b38a549db1d2a359", "87f37fe5130574ff76c17cab61e7d2538a16f843bb7bca8ebbc4b12de3078596", "95d5251e4b5ca00061f9d9f3d6fe537247e145a8524ae9fd30a2f8fbce993b5b", "9d1d3e63a4afdc29bd76ce6aa9d58c771cd1599fbba8cf5057e7860b203710dd", "a36c5c154f9d42ec176e6e620cb0dd275744aa1d804786a71ac37dc3661a5e95", "a6a5cb8809091ec9ac03edde9304b3ad82ad4466333432b16d78ef40e0cce0d5", "ae5e35a2c189d397b91034642cb0eab0e346f776ec2eb44a49a459e6615d6e2e", "b0f7d4a3df8f06cf49f9f121bead236e328074de6449866515cea4907bbc63d6", "b75110fb114fa366b29a027d0c9be3709579602ae111ff61674d28c93606acca", "ba5e697569f84b13640c9e193170e89c13c6244c24400fc57e88724ef610cd31", "be2a9b390f77fd7676d80bc3cdc4f8edb940d8c198ed2d8c0be1319018c778e1", "ca1bd81f40adc59011f58159e4aa6445fc585a32bb8ac9badf7a2c1aa23822f2", "d5d8555d9bfc3f02385c1c37e9f998e2011f0db4f90e250e5bc0c0a85a813085", "e55e22ac0a30023426564b1059b035973ec82186ddddbac867078435801c7801", "e90f17980e6ab0f3c2f3730e56d1fe9bcba1891eeea58966e89d352492cc74f4", "ecbb7b01409e9b782df5ded849c178a0aa7c906cf8c5a67368047daab282b184", "ed01918d545a38998bfa5902c7c00e0fee90e957ce036a4000a88e3fe2264917", "edabd457cd23a02965166026fd9bfd196f4324fe6032e866d0f3bd0301cd486f", "fdf1c1dc5bafc32bc5d08b054f94d659422b05aba244d6be4ddc1c72d9aa70fb"]
chardet = ["84ab92ed1c4d4f16916e05906b6b75a6c0fb5db821cc65e70cbd64a3e2a5eaae", "fc323ffcaeaed0e0a02bf4d117757b98aed530d9ed4531e3e15460124c106691"]
"discord.py" = []
hugo-core = ["09780a428cb8ac0588dac521dc495581a4f127e0fffa4c0c9a16a64e40f97bd2", "3262340008b87fba81fd8a1851860da5da8f957bcd8f989d9ceb4af798b2df43"]
idna = ["156a6814fb5ac1fc6850fb002e0852d56c0c8d2531923a51032d1b70760e186e", "684a38a6f903c1d71d6d5fac066b58d7768af4de2b832e426ec79c30daa94a16"]
idna-ssl = ["a933e3bb13da54383f9e8f35dc4f9cb9eb9b3b78c6b36f311254d6d0d92c6c7c"]
multidict = ["3be539df400562f0e6c2089dd0b512150abd41189723405097ef1d11fd165658", "4ec2ba081c710e8ddf12adf9867ea8969e12aa8f0d0cd8270c706538a622aecb", "5d93048a352bf1318615a9d483a17c87f2f0f8ca2be0157ff353753de73e2636", "728222ed41e57ef01b41282df7b15b80c3da7fb0e664c8898d2efb4d969ee7e8", "7bbef78bf0b9b038f97e172a1a861e6c1a109be69592ed4ac0f2e9a23ec1fbd2", "80fd036a56bcb9dd9ba63a55b884b67fa18b46b02400528cb4bd3e2cc98791fe", "833fb16b7da8437ae067675e6e0a22cf0d5935d578fadd2a8474be702ade2cae", "9cee5290ec55d17917fcb71bab853cc376c3e30d45a21d96dca106f72a46b357", "b75218d23692e4e8ade6b7a1dd2de21ef0342e83057487b69e32732e93d5f769", "c0be167d860667125d397152192c4bb084e91a07130a90aef7f927b23f73120f", "c17d317dab455354ed6f95c42df84cc34b4bd9cace121fd4ee88307a16cc2482", "d5432a55ded1d1df572960f0a4d87fe771d4238729392b8ca995e0e50021ae8f", "d75a539aae854e19c79d39aa88d235c3eeead2cc37cdcb6c3fb193e4b0ba0b78", "d8fd869eec069dd45831486cc074ad9f82051f317371f9e1e11ef83668e23bde", "dc043e177e4bbc2539203af61e9b31c5f5de468df661ed52d9fa13bc868a1ce7", "e1ab80f1aa32f97c1cbbfb47725292617a443538103a0c5d5a419eb9629c7415", "e2e1e4b34ecf7f752594836ca338457945c2c1d4f928dd10e7c2319669af6c4e", "e9bceec13f5ea83fc434daa703c22f7263a1a7d3d9d4d53330b103cc3cfa875d", "f2d6d48932154807f6dddd093f6de0ef75356d330dda9df68c5106ccea8dda48", "fe79338660331d3a4a6f5326300d0c0e0b5f47edfe32e1a0626aa7b2e2bf08c4", "febbbf93912fdbe9455ac1673284df2f4561c5f075ef72aff90b445788feda96"]
pendulum = ["0ec5371949e147753661e1e98721273170638034dfceb578f29d69d93d3d474b", "10ccdc8c6d004ba97883dd0f57503963ddf6cb83e849a16c4675ba18da657564", "37bb54bcbb9d7fccd725f3fda69702e51ab3de9971b4c1c986505fbb3bc58bed", "51803352e40778f914ff7af3494788b404260b415d9a9d607a8cf73e5e120994", "5de295ca85761d9adf4020e6f3bed6eb933846ccf23b74e04b071f6d677f11a4", "73f850265adcf0986fcc0af83ae9c8c5a7ca3c4a2525184110478a8bfd1a77b3", "8fe289356322f6b0f4510082b4c412a1496a64054a37ae86b24411868a1901c6", "c0401482dfa9fbd7005f2dfbf54ec61fd2c8130df37651ac2a3722d1f049ae4e", "c358ee65ddb99c2b1bf301458e43ed09ff6d40465bcc9928265246912fad4d0f", "d07962450e808556b3e6209a5830e2bbf8c7747129580c3b5b09e641f72617ab", "dc05e6186c9c3b9969326aded9cba7a796744918581b25457f5148a5e3475d55", "ee9466eea403e8e308c284d3055e285b97905a5ffb1566df0ef200b4f39c0f15", "f7fa6220251a636112721e8158b9dd59018d818ec121047900934d80864eca62"]
pycparser = ["99a8ca03e29851d96616ad0404b4aad7d9ee16f25c9f9708a11faf2810f7b226"]
pynacl = ["04e30e5bdeeb2d5b34107f28cd2f5bbfdc6c616f3be88fc6f53582ff1669eeca", "0bfa0d94d2be6874e40f896e0a67e290749151e7de767c5aefbad1121cad7512", "11aa4e141b2456ce5cecc19c130e970793fa3a2c2e6fbb8ad65b28f35aa9e6b6", "13bdc1fe084ff9ac7653ae5a924cae03bf4bb07c6667c9eb5b6eb3c570220776", "14339dc233e7a9dda80a3800e64e7ff89d0878ba23360eea24f1af1b13772cac", "1d33e775fab3f383167afb20b9927aaf4961b953d76eeb271a5703a6d756b65b", "2a42b2399d0428619e58dac7734838102d35f6dcdee149e0088823629bf99fbb", "2dce05ac8b3c37b9e2f65eab56c544885607394753e9613fd159d5e2045c2d98", "63cfccdc6217edcaa48369191ae4dca0c390af3c74f23c619e954973035948cd", "6453b0dae593163ffc6db6f9c9c1597d35c650598e2c39c0590d1757207a1ac2", "73a5a96fb5fbf2215beee2353a128d382dbca83f5341f0d3c750877a236569ef", "8abb4ef79161a5f58848b30ab6fb98d8c466da21fdd65558ce1d7afc02c70b5f", "8ac1167195b32a8755de06efd5b2d2fe76fc864517dab66aaf65662cc59e1988", "8f505f42f659012794414fa57c498404e64db78f1d98dfd40e318c569f3c783b", "9c8a06556918ee8e3ab48c65574f318f5a0a4d31437fc135da7ee9d4f9080415", "a1e25fc5650cf64f01c9e435033e53a4aca9de30eb9929d099f3bb078e18f8f2", "be71cd5fce04061e1f3d39597f93619c80cdd3558a6c9ba99a546f144a8d8101", "c5b1a7a680218dee9da0f1b5e24072c46b3c275d35712bc1d505b85bb03441c0", "cb785db1a9468841a1265c9215c60fe5d7af2fb1b209e3316a152704607fc582", "cf6877124ae6a0698404e169b3ba534542cfbc43f939d46b927d956daf0a373a", "d0eb5b2795b7ee2cbcfcadacbe95a13afbda048a262bd369da9904fecb568975", "d3a934e2b9f20abac009d5b6951067cfb5486889cb913192b4d8288b216842f1", "d795f506bcc9463efb5ebb0f65ed77921dcc9e0a50499dedd89f208445de9ecb", "d8aaf7e5d6b0e0ef7d6dbf7abeb75085713d0100b4eb1a4e4e857de76d77ac45", "de2aaca8386cf4d70f1796352f2346f48ddb0bed61dc43a3ce773ba12e064031", "e0d38fa0a75f65f556fb912f2c6790d1fa29b7dd27a1d9cc5591b281321eaaa9", "eb2acabbd487a46b38540a819ef67e477a674481f84a82a7ba2234b9ba46f752", "eeee629828d0eb4f6d98ac41e9a3a6461d114d1d0aa111a8931c049359298da0", "f5836463a3c0cca300295b229b6c7003c415a9d11f8f9288ddbd728e2746524c", "f5ce9e26d25eb0b2d96f3ef0ad70e1d3ae89b5d60255c462252a3e456a48c053", "fabf73d5d0286f9e078774f3435601d2735c94ce9e514ac4fb945701edead7e4"]
python-dateutil = ["1adb80e7a782c12e52ef9a8182bebeb73f1d7e24e374397af06fb4956c8dc5c0", "e27001de32f627c22380a688bcc43ce83504a7bc5da472209b4c70f02829f0b8"]
pytzdata = ["1d936da41ee06216d89fdc7ead1ee9a5da2811a8787515a976b646e110c3f622", "e4ef42e82b0b493c5849eed98b5ab49d6767caf982127e9a33167f1153b36cc5"]
six = ["70e8a77beed4562e7f14fe23a786b54f6296e34344c23bc42f07b15018ff98e9", "832dc0e10feb1aa2c68dcc57dbb658f1c7e65b9b61af69048abc87a2db00a0eb"]
websockets = ["0e2f7d6567838369af074f0ef4d0b802d19fa1fee135d864acc656ceefa33136", "2a16dac282b2fdae75178d0ed3d5b9bc3258dabfae50196cbb30578d84b6f6a6", "5a1fa6072405648cb5b3688e9ed3b94be683ce4a4e5723e6f5d34859dee495c1", "5c1f55a1274df9d6a37553fef8cff2958515438c58920897675c9bc70f5a0538", "669d1e46f165e0ad152ed8197f7edead22854a6c90419f544e0f234cc9dac6c4", "695e34c4dbea18d09ab2c258994a8bf6a09564e762655408241f6a14592d2908", "6b2e03d69afa8d20253455e67b64de1a82ff8612db105113cccec35d3f8429f0", "79ca7cdda7ad4e3663ea3c43bfa8637fc5d5604c7737f19a8964781abbd1148d", "7fd2dd9a856f72e6ed06f82facfce01d119b88457cd4b47b7ae501e8e11eba9c", "82c0354ac39379d836719a77ee360ef865377aa6fdead87909d50248d0f05f4d", "8f3b956d11c5b301206382726210dc1d3bee1a9ccf7aadf895aaf31f71c3716c", "91ec98640220ae05b34b79ee88abf27f97ef7c61cf525eec57ea8fcea9f7dddb", "952be9540d83dba815569d5cb5f31708801e0bbfc3a8c5aef1890b57ed7e58bf", "99ac266af38ba1b1fe13975aea01ac0e14bb5f3a3200d2c69f05385768b8568e", "9fa122e7adb24232247f8a89f2d9070bf64b7869daf93ac5e19546b409e47e96", "a0873eadc4b8ca93e2e848d490809e0123eea154aa44ecd0109c4d0171869584", "cb998bd4d93af46b8b49ecf5a72c0a98e5cc6d57fdca6527ba78ad89d6606484", "e02e57346f6a68523e3c43bbdf35dde5c440318d1f827208ae455f6a2ace446d", "e79a5a896bcee7fff24a788d72e5c69f13e61369d055f28113e71945a7eb1559", "ee55eb6bcf23ecc975e6b47c127c201b913598f38b6a300075f84eeef2d3baff", "f1414e6cbcea8d22843e7eafdfdfae3dd1aba41d1945f6ca66e4806c07c4f454"]
yarl = ["2556b779125621b311844a072e0ed367e8409a18fa12cbd68eb1258d187820f9", "4aec0769f1799a9d4496827292c02a7b1f75c0bab56ab2b60dd94ebb57cbd5ee", "55369d95afaacf2fa6b49c84d18b51f1704a6560c432a0f9a1aeb23f7b971308", "6c098b85442c8fe3303e708bbb775afd0f6b29f77612e8892627bcab4b939357", "9182cd6f93412d32e009020a44d6d170d2093646464a88aeec2aef50592f8c78", "c8cbc21bbfa1dd7d5386d48cc814fe3d35b80f60299cdde9279046f399c3b0d8", "db6f70a4b09cde813a4807843abaaa60f3b15fb4a2a06f9ae9c311472662daa1", "f17495e6fe3d377e3faac68121caef6f974fcb9e046bc075bcff40d8e5cc69a4", "f85900b9cca0c67767bb61b2b9bd53208aaa7373dae633dbe25d179b4bf38aa7"]
